
Microsoft Visual Studio Solution File, Format Version 12.00
# Visual Studio Version 16
VisualStudioVersion = 16.0.32413.511
MinimumVisualStudioVersion = 10.0.40219.1
Project("{888888A0-9F3D-457C-B088-3A5042F75D52}") = "PythonWeb", "PythonWeb\PythonWeb.pyproj", "{A52EF738-5AE3-486E-B8C3-1E0505369C16}"
EndProject
Global
	GlobalSection(SolutionConfigurationPlatforms) = preSolution
		Debug|Any CPU = Debug|Any CPU
		Release|Any CPU = Release|Any CPU
	EndGlobalSection
	GlobalSection(ProjectConfigurationPlatforms) = postSolution
		{A52EF738-5AE3-486E-B8C3-1E0505369C16}.Debug|Any CPU.ActiveCfg = Debug|Any CPU
		{A52EF738-5AE3-486E-B8C3-1E0505369C16}.Debug|Any CPU.Build.0 = Debug|Any CPU
		{A52EF738-5AE3-486E-B8C3-1E0505369C16}.Release|Any CPU.ActiveCfg = Release|Any CPU
		{A52EF738-5AE3-486E-B8C3-1E0505369C16}.Release|Any CPU.Build.0 = Release|Any CPU
	EndGlobalSection
	GlobalSection(SolutionProperties) = preSolution
		HideSolutionNode = FALSE
	EndGlobalSection
	GlobalSection(ExtensibilityGlobals) = postSolution
		SolutionGuid = {42022A2B-C0AB-4E1A-B6EA-A38AEB3BC197}
	EndGlobalSection
EndGlobal
